
Microsoft Visual Studio Solution File, Format Version 12.00
# Visual Studio 2012
Project("{FAE04EC0-301F-11D3-BF4B-00C04F79EFBC}") = "IW_Detection", "IW_Detection\IW_Detection.csproj", "{210A9D05-1B13-4E61-A531-0C1607CBD30B}"
EndProject
Global
	GlobalSection(SolutionConfigurationPlatforms) = preSolution
		Debug|Any CPU = Debug|Any CPU
		Release|Any CPU = Release|Any CPU
	EndGlobalSection
	GlobalSection(ProjectConfigurationPlatforms) = postSolution
		{210A9D05-1B13-4E61-A531-0C1607CBD30B}.Debug|Any CPU.ActiveCfg = Debug|Any CPU
		{210A9D05-1B13-4E61-A531-0C1607CBD30B}.Debug|Any CPU.Build.0 = Debug|Any CPU
		{210A9D05-1B13-4E61-A531-0C1607CBD30B}.Release|Any CPU.ActiveCfg = Release|Any CPU
		{210A9D05-1B13-4E61-A531-0C1607CBD30B}.Release|Any CPU.Build.0 = Release|Any CPU
	EndGlobalSection
	GlobalSection(SolutionProperties) = preSolution
		HideSolutionNode = FALSE
	EndGlobalSection
EndGlobal
