
Microsoft Visual Studio Solution File, Format Version 12.00
# Visual Studio 2012
Project("{FAE04EC0-301F-11D3-BF4B-00C04F79EFBC}") = "MaculaDetection", "MaculaDetection\MaculaDetection.csproj", "{043CD95C-B4CD-4E48-B491-AC5671BCF6FB}"
EndProject
Global
	GlobalSection(SolutionConfigurationPlatforms) = preSolution
		Debug|Any CPU = Debug|Any CPU
		Release|Any CPU = Release|Any CPU
	EndGlobalSection
	GlobalSection(ProjectConfigurationPlatforms) = postSolution
		{043CD95C-B4CD-4E48-B491-AC5671BCF6FB}.Debug|Any CPU.ActiveCfg = Debug|Any CPU
		{043CD95C-B4CD-4E48-B491-AC5671BCF6FB}.Debug|Any CPU.Build.0 = Debug|Any CPU
		{043CD95C-B4CD-4E48-B491-AC5671BCF6FB}.Release|Any CPU.ActiveCfg = Release|Any CPU
		{043CD95C-B4CD-4E48-B491-AC5671BCF6FB}.Release|Any CPU.Build.0 = Release|Any CPU
	EndGlobalSection
	GlobalSection(SolutionProperties) = preSolution
		HideSolutionNode = FALSE
	EndGlobalSection
EndGlobal
